// !$*UTF8*$!
{
	archiveVersion = 1;
	classes = {
	};
	objectVersion = 46;
	objects = {

/* Begin PBXBuildFile section */
		9458EBC51EC23D6300D378F5 /* AppDelegate.swift in Sources */ = {isa = PBXBuildFile; fileRef = 9458EBC41EC23D6300D378F5 /* AppDelegate.swift */; };
		9458EBC71EC23D6300D378F5 /* ViewController.swift in Sources */ = {isa = PBXBuildFile; fileRef = 9458EBC61EC23D6300D378F5 /* ViewController.swift */; };
		9458EBCA1EC23D6300D378F5 /* Main.storyboard in Resources */ = {isa = PBXBuildFile; fileRef = 9458EBC81EC23D6300D378F5 /* Main.storyboard */; };
		9458EBCC1EC23D6300D378F5 /* Assets.xcassets in Resources */ = {isa = PBXBuildFile; fileRef = 9458EBCB1EC23D6300D378F5 /* Assets.xcassets */; };
		9458EBCF1EC23D6300D378F5 /* LaunchScreen.storyboard in Resources */ = {isa = PBXBuildFile; fileRef = 9458EBCD1EC23D6300D378F5 /* LaunchScreen.storyboard */; };
		9458EBD71EC2409300D378F5 /* ZipCodeTextFieldDelegate.swift in Sources */ = {isa = PBXBuildFile; fileRef = 9458EBD61EC2409300D378F5 /* ZipCodeTextFieldDelegate.swift */; };
		9458EBDD1EC2DB3200D378F5 /* CashTextFieldDelegate.swift in Sources */ = {isa = PBXBuildFile; fileRef = 9458EBDC1EC2DB3200D378F5 /* CashTextFieldDelegate.swift */; };
/* End PBXBuildFile section */

/* Begin PBXFileReference section */
		9458EBC11EC23D6300D378F5 /* TextFieldChallengeTrialApp.app */ = {isa = PBXFileReference; explicitFileType = wrapper.application; includeInIndex = 0; path = TextFieldChallengeTrialApp.app; sourceTree = BUILT_PRODUCTS_DIR; };
		9458EBC41EC23D6300D378F5 /* AppDelegate.swift */ = {isa = PBXFileReference; lastKnownFileType = sourcecode.swift; path = AppDelegate.swift; sourceTree = "<group>"; };
		9458EBC61EC23D6300D378F5 /* ViewController.swift */ = {isa = PBXFileReference; lastKnownFileType = sourcecode.swift; path = ViewController.swift; sourceTree = "<group>"; };
		9458EBC91EC23D6300D378F5 /* Base */ = {isa = PBXFileReference; lastKnownFileType = file.storyboard; name = Base; path = Base.lproj/Main.storyboard; sourceTree = "<group>"; };
		9458EBCB1EC23D6300D378F5 /* Assets.xcassets */ = {isa = PBXFileReference; lastKnownFileType = folder.assetcatalog; path = Assets.xcassets; sourceTree = "<group>"; };
		9458EBCE1EC23D6300D378F5 /* Base */ = {isa = PBXFileReference; lastKnownFileType = file.storyboard; name = Base; path = Base.lproj/LaunchScreen.storyboard; sourceTree = "<group>"; };
		9458EBD01EC23D6300D378F5 /* Info.plist */ = {isa = PBXFileReference; lastKnownFileType = text.plist.xml; path = Info.plist; sourceTree = "<group>"; };
		9458EBD61EC2409300D378F5 /* ZipCodeTextFieldDelegate.swift */ = {isa = PBXFileReference; fileEncoding = 4; lastKnownFileType = sourcecode.swift; path = ZipCodeTextFieldDelegate.swift; sourceTree = "<group>"; };
		9458EBDC1EC2DB3200D378F5 /* CashTextFieldDelegate.swift */ = {isa = PBXFileReference; fileEncoding = 4; lastKnownFileType = sourcecode.swift; path = CashTextFieldDelegate.swift; sourceTree = "<group>"; };
/* End PBXFileReference section */

/* Begin PBXFrameworksBuildPhase section */
		9458EBBE1EC23D6300D378F5 /* Frameworks */ = {
			isa = PBXFrameworksBuildPhase;
			buildActionMask = 2147483647;
			files = (
			);
			runOnlyForDeploymentPostprocessing = 0;
		};
/* End PBXFrameworksBuildPhase section */

/* Begin PBXGroup section */
		9458EBB81EC23D6200D378F5 = {
			isa = PBXGroup;
			children = (
				9458EBC31EC23D6300D378F5 /* TextFieldChallengeTrialApp */,
				9458EBC21EC23D6300D378F5 /* Products */,
			);
			sourceTree = "<group>";
		};
		9458EBC21EC23D6300D378F5 /* Products */ = {
			isa = PBXGroup;
			children = (
				9458EBC11EC23D6300D378F5 /* TextFieldChallengeTrialApp.app */,
			);
			name = Products;
			sourceTree = "<group>";
		};
		9458EBC31EC23D6300D378F5 /* TextFieldChallengeTrialApp */ = {
			isa = PBXGroup;
			children = (
				9458EBC41EC23D6300D378F5 /* AppDelegate.swift */,
				9458EBC61EC23D6300D378F5 /* ViewController.swift */,
				9458EBC81EC23D6300D378F5 /* Main.storyboard */,
				9458EBCB1EC23D6300D378F5 /* Assets.xcassets */,
				9458EBCD1EC23D6300D378F5 /* LaunchScreen.storyboard */,
				9458EBD01EC23D6300D378F5 /* Info.plist */,
				9458EBD61EC2409300D378F5 /* ZipCodeTextFieldDelegate.swift */,
				9458EBDC1EC2DB3200D378F5 /* CashTextFieldDelegate.swift */,
			);
			path = TextFieldChallengeTrialApp;
			sourceTree = "<group>";
		};
/* End PBXGroup section */

/* Begin PBXNativeTarget section */
		9458EBC01EC23D6300D378F5 /* TextFieldChallengeTrialApp */ = {
			isa = PBXNativeTarget;
			buildConfigurationList = 9458EBD31EC23D6300D378F5 /* Build configuration list for PBXNativeTarget "TextFieldChallengeTrialApp" */;
			buildPhases = (
				9458EBBD1EC23D6300D378F5 /* Sources */,
				9458EBBE1EC23D6300D378F5 /* Frameworks */,
				9458EBBF1EC23D6300D378F5 /* Resources */,
			);
			buildRules = (
			);
			dependencies = (
			);
			name = TextFieldChallengeTrialApp;
			productName = TextFieldChallengeTrialApp;
			productReference = 9458EBC11EC23D6300D378F5 /* TextFieldChallengeTrialApp.app */;
			productType = "com.apple.product-type.application";
		};
/* End PBXNativeTarget section */

/* Begin PBXProject section */
		9458EBB91EC23D6200D378F5 /* Project object */ = {
			isa = PBXProject;
			attributes = {
				LastSwiftUpdateCheck = 0820;
				LastUpgradeCheck = 0820;
				ORGANIZATIONNAME = "Divya Kabra";
				TargetAttributes = {
					9458EBC01EC23D6300D378F5 = {
						CreatedOnToolsVersion = 8.2.1;
						ProvisioningStyle = Automatic;
					};
				};
			};
			buildConfigurationList = 9458EBBC1EC23D6200D378F5 /* Build configuration list for PBXProject "TextFieldChallengeTrialApp" */;
			compatibilityVersion = "Xcode 3.2";
			developmentRegion = English;
			hasScannedForEncodings = 0;
			knownRegions = (
				en,
				Base,
			);
			mainGroup = 9458EBB81EC23D6200D378F5;
			productRefGroup = 9458EBC21EC23D6300D378F5 /* Products */;
			projectDirPath = "";
			projectRoot = "";
			targets = (
				9458EBC01EC23D6300D378F5 /* TextFieldChallengeTrialApp */,
			);
		};
/* End PBXProject section */

/* Begin PBXResourcesBuildPhase section */
		9458EBBF1EC23D6300D378F5 /* Resources */ = {
			isa = PBXResourcesBuildPhase;
			buildActionMask = 2147483647;
			files = (
				9458EBCF1EC23D6300D378F5 /* LaunchScreen.storyboard in Resources */,
				9458EBCC1EC23D6300D378F5 /* Assets.xcassets in Resources */,
				9458EBCA1EC23D6300D378F5 /* Main.storyboard in Resources */,
			);
			runOnlyForDeploymentPostprocessing = 0;
		};
/* End PBXResourcesBuildPhase section */

/* Begin PBXSourcesBuildPhase section */
		9458EBBD1EC23D6300D378F5 /* Sources */ = {
			isa = PBXSourcesBuildPhase;
			buildActionMask = 2147483647;
			files = (
				9458EBC71EC23D6300D378F5 /* ViewController.swift in Sources */,
				9458EBDD1EC2DB3200D378F5 /* CashTextFieldDelegate.swift in Sources */,
				9458EBD71EC2409300D378F5 /* ZipCodeTextFieldDelegate.swift in Sources */,
				9458EBC51EC23D6300D378F5 /* AppDelegate.swift in Sources */,
			);
			runOnlyForDeploymentPostprocessing = 0;
		};
/* End PBXSourcesBuildPhase section */

/* Begin PBXVariantGroup section */
		9458EBC81EC23D6300D378F5 /* Main.storyboard */ = {
			isa = PBXVariantGroup;
			children = (
				9458EBC91EC23D6300D378F5 /* Base */,
			);
			name = Main.storyboard;
			sourceTree = "<group>";
		};
		9458EBCD1EC23D6300D378F5 /* LaunchScreen.storyboard */ = {
			isa = PBXVariantGroup;
			children = (
				9458EBCE1EC23D6300D378F5 /* Base */,
			);
			name = LaunchScreen.storyboard;
			sourceTree = "<group>";
		};
/* End PBXVariantGroup section */

/* Begin XCBuildConfiguration section */
		9458EBD11EC23D6300D378F5 /* Debug */ = {
			isa = XCBuildConfiguration;
			buildSettings = {
				ALWAYS_SEARCH_USER_PATHS = NO;
				CLANG_ANALYZER_NONNULL = YES;
				CLANG_CXX_LANGUAGE_STANDARD = "gnu++0x";
				CLANG_CXX_LIBRARY = "libc++";
				CLANG_ENABLE_MODULES = YES;
				CLANG_ENABLE_OBJC_ARC = YES;
				CLANG_WARN_BOOL_CONVERSION = YES;
				CLANG_WARN_CONSTANT_CONVERSION = YES;
				CLANG_WARN_DIRECT_OBJC_ISA_USAGE = YES_ERROR;
				CLANG_WARN_DOCUMENTATION_COMMENTS = YES;
				CLANG_WARN_EMPTY_BODY = YES;
				CLANG_WARN_ENUM_CONVERSION = YES;
				CLANG_WARN_INFINITE_RECURSION = YES;
				CLANG_WARN_INT_CONVERSION = YES;
				CLANG_WARN_OBJC_ROOT_CLASS = YES_ERROR;
				CLANG_WARN_SUSPICIOUS_MOVE = YES;
				CLANG_WARN_UNREACHABLE_CODE = YES;
				CLANG_WARN__DUPLICATE_METHOD_MATCH = YES;
				"CODE_SIGN_IDENTITY[sdk=iphoneos*]" = "iPhone Developer";
				COPY_PHASE_STRIP = NO;
				DEBUG_INFORMATION_FORMAT = dwarf;
				ENABLE_STRICT_OBJC_MSGSEND = YES;
				ENABLE_TESTABILITY = YES;
				GCC_C_LANGUAGE_STANDARD = gnu99;
				GCC_DYNAMIC_NO_PIC = NO;
				GCC_NO_COMMON_BLOCKS = YES;
				GCC_OPTIMIZATION_LEVEL = 0;
				GCC_PREPROCESSOR_DEFINITIONS = (
					"DEBUG=1",
					"$(inherited)",
				);
				GCC_WARN_64_TO_32_BIT_CONVERSION = YES;
				GCC_WARN_ABOUT_RETURN_TYPE = YES_ERROR;
				GCC_WARN_UNDECLARED_SELECTOR = YES;
				GCC_WARN_UNINITIALIZED_AUTOS = YES_AGGRESSIVE;
				GCC_WARN_UNUSED_FUNCTION = YES;
				GCC_WARN_UNUSED_VARIABLE = YES;
				IPHONEOS_DEPLOYMENT_TARGET = 10.2;
				MTL_ENABLE_DEBUG_INFO = YES;
				ONLY_ACTIVE_ARCH = YES;
				SDKROOT = iphoneos;
				SWIFT_ACTIVE_COMPILATION_CONDITIONS = DEBUG;
				SWIFT_OPTIMIZATION_LEVEL = "-Onone";
				TARGETED_DEVICE_FAMILY = "1,2";
			};
			name = Debug;
		};
		9458EBD21EC23D6300D378F5 /* Release */ = {
			isa = XCBuildConfiguration;
			buildSettings = {
				ALWAYS_SEARCH_USER_PATHS = NO;
				CLANG_ANALYZER_NONNULL = YES;
				CLANG_CXX_LANGUAGE_STANDARD = "gnu++0x";
				CLANG_CXX_LIBRARY = "libc++";
				CLANG_ENABLE_MODULES = YES;
				CLANG_ENABLE_OBJC_ARC = YES;
				CLANG_WARN_BOOL_CONVERSION = YES;
				CLANG_WARN_CONSTANT_CONVERSION = YES;
				CLANG_WARN_DIRECT_OBJC_ISA_USAGE = YES_ERROR;
				CLANG_WARN_DOCUMENTATION_COMMENTS = YES;
				CLANG_WARN_EMPTY_BODY = YES;
				CLANG_WARN_ENUM_CONVERSION = YES;
				CLANG_WARN_INFINITE_RECURSION = YES;
				CLANG_WARN_INT_CONVERSION = YES;
				CLANG_WARN_OBJC_ROOT_CLASS = YES_ERROR;
				CLANG_WARN_SUSPICIOUS_MOVE = YES;
				CLANG_WARN_UNREACHABLE_CODE = YES;
				CLANG_WARN__DUPLICATE_METHOD_MATCH = YES;
				"CODE_SIGN_IDENTITY[sdk=iphoneos*]" = "iPhone Developer";
				COPY_PHASE_STRIP = NO;
				DEBUG_INFORMATION_FORMAT = "dwarf-with-dsym";
				ENABLE_NS_ASSERTIONS = NO;
				ENABLE_STRICT_OBJC_MSGSEND = YES;
				GCC_C_LANGUAGE_STANDARD = gnu99;
				GCC_NO_COMMON_BLOCKS = YES;
				GCC_WARN_64_TO_32_BIT_CONVERSION = YES;
				GCC_WARN_ABOUT_RETURN_TYPE = YES_ERROR;
				GCC_WARN_UNDECLARED_SELECTOR = YES;
				GCC_WARN_UNINITIALIZED_AUTOS = YES_AGGRESSIVE;
				GCC_WARN_UNUSED_FUNCTION = YES;
				GCC_WARN_UNUSED_VARIABLE = YES;
				IPHONEOS_DEPLOYMENT_TARGET = 10.2;
				MTL_ENABLE_DEBUG_INFO = NO;
				SDKROOT = iphoneos;
				SWIFT_OPTIMIZATION_LEVEL = "-Owholemodule";
				TARGETED_DEVICE_FAMILY = "1,2";
				VALIDATE_PRODUCT = YES;
			};
			name = Release;
		};
		9458EBD41EC23D6300D378F5 /* Debug */ = {
			isa = XCBuildConfiguration;
			buildSettings = {
				ASSETCATALOG_COMPILER_APPICON_NAME = AppIcon;
				INFOPLIST_FILE = TextFieldChallengeTrialApp/Info.plist;
				LD_RUNPATH_SEARCH_PATHS = "$(inherited) @executable_path/Frameworks";
				PRODUCT_BUNDLE_IDENTIFIER = com.DivyaKabra.TextFieldChallengeTrialApp;
				PRODUCT_NAME = "$(TARGET_NAME)";
				SWIFT_VERSION = 3.0;
			};
			name = Debug;
		};
		9458EBD51EC23D6300D378F5 /* Release */ = {
			isa = XCBuildConfiguration;
			buildSettings = {
				ASSETCATALOG_COMPILER_APPICON_NAME = AppIcon;
				INFOPLIST_FILE = TextFieldChallengeTrialApp/Info.plist;
				LD_RUNPATH_SEARCH_PATHS = "$(inherited) @executable_path/Frameworks";
				PRODUCT_BUNDLE_IDENTIFIER = com.DivyaKabra.TextFieldChallengeTrialApp;
				PRODUCT_NAME = "$(TARGET_NAME)";
				SWIFT_VERSION = 3.0;
			};
			name = Release;
		};
/* End XCBuildConfiguration section */

/* Begin XCConfigurationList section */
		9458EBBC1EC23D6200D378F5 /* Build configuration list for PBXProject "TextFieldChallengeTrialApp" */ = {
			isa = XCConfigurationList;
			buildConfigurations = (
				9458EBD11EC23D6300D378F5 /* Debug */,
				9458EBD21EC23D6300D378F5 /* Release */,
			);
			defaultConfigurationIsVisible = 0;
			defaultConfigurationName = Release;
		};
		9458EBD31EC23D6300D378F5 /* Build configuration list for PBXNativeTarget "TextFieldChallengeTrialApp" */ = {
			isa = XCConfigurationList;
			buildConfigurations = (
				9458EBD41EC23D6300D378F5 /* Debug */,
				9458EBD51EC23D6300D378F5 /* Release */,
			);
			defaultConfigurationIsVisible = 0;
		};
/* End XCConfigurationList section */
	};
	rootObject = 9458EBB91EC23D6200D378F5 /* Project object */;
}
